<?xml version="1.0" encoding="utf-8"?>
<Project ToolsVersion="4.0" xmlns="http://schemas.microsoft.com/developer/msbuild/2003">
  <ItemGroup>
    <Filter Include="Quelldateien">
      <UniqueIdentifier>{4FC737F1-C7A5-4376-A066-2A32D752A2FF}</UniqueIdentifier>
      <Extensions>cpp;c;cc;cxx;def;odl;idl;hpj;bat;asm;asmx</Extensions>
    </Filter>
    <Filter Include="Headerdateien">
      <UniqueIdentifier>{93995380-89BD-4b04-88EB-625FBE52EBFB}</UniqueIdentifier>
      <Extensions>h;hh;hpp;hxx;hm;inl;inc;xsd</Extensions>
    </Filter>
    <Filter Include="Ressourcendateien">
      <UniqueIdentifier>{67DA6AB6-F800-4c08-8B7A-83BB121AAD01}</UniqueIdentifier>
      <Extensions>rc;ico;cur;bmp;dlg;rc2;rct;bin;rgs;gif;jpg;jpeg;jpe;resx;tiff;tif;png;wav;mfcribbon-ms</Extensions>
    </Filter>
    <Filter Include="Headerdateien\Compiler">
      <UniqueIdentifier>{88d95813-226d-4773-95c4-dd1c31ae3065}</UniqueIdentifier>
    </Filter>
    <Filter Include="Quelldateien\Compiler">
      <UniqueIdentifier>{ef0b54ad-14d7-4952-9af4-0dbe94987d96}</UniqueIdentifier>
    </Filter>
    <Filter Include="Headerdateien\IO_Mngmt">
      <UniqueIdentifier>{39a01262-0a7c-4c24-8b61-aec824e72f13}</UniqueIdentifier>
    </Filter>
    <Filter Include="Quelldateien\IO_Mngmt">
      <UniqueIdentifier>{f51407bb-fc46-4781-9251-66fd1cd99679}</UniqueIdentifier>
    </Filter>
  </ItemGroup>
  <ItemGroup>
    <ClCompile Include="main.cpp">
      <Filter>Ressourcendateien</Filter>
    </ClCompile>
    <ClCompile Include="CCompiler.cpp">
      <Filter>Quelldateien\Compiler</Filter>
    </ClCompile>
    <ClCompile Include="CCompiler_tMethods.cpp">
      <Filter>Quelldateien\Compiler</Filter>
    </ClCompile>
    <ClCompile Include="CIOMgr.cpp">
      <Filter>Quelldateien\IO_Mngmt</Filter>
    </ClCompile>
  </ItemGroup>
  <ItemGroup>
    <ClInclude Include="CStaticTools.hpp">
      <Filter>Headerdateien</Filter>
    </ClInclude>
    <ClInclude Include="CCompiler.hpp">
      <Filter>Headerdateien\Compiler</Filter>
    </ClInclude>
    <ClInclude Include="CIOMgr.hpp">
      <Filter>Headerdateien\IO_Mngmt</Filter>
    </ClInclude>
  </ItemGroup>
  <ItemGroup>
    <Text Include="Gueltige_Befehle.txt" />
  </ItemGroup>
</Project>